dependencies:
  idf:
    source:
      type: idf
    version: 5.5.1
  waveshare/qmi8658:
    component_hash: 0f849356dfdcd3c868ad37a74a2cbb00892c69b3b1b18854172715f6eb980e5b
    dependencies:
    - name: idf
      require: private
      version: '>=5.3.2'
    source:
      registry_url: https://components.espressif.com/
      type: service
    version: 1.0.1
direct_dependencies:
- idf
- waveshare/qmi8658
manifest_hash: 4b9b14173b19b99a45323ef311afaf30e76f6802fd2f99cb278e3c18a710850b
target: esp32s3
version: 2.0.0
